# This file was autogenerated by Stack.
# You should not edit this file by hand.
# For more information, please see the documentation at:
#   https://docs.haskellstack.org/en/stable/lock_files

snapshots:
- original:
    url: https://raw.githubusercontent.com/commercialhaskell/stackage-snapshots/master/lts/18/18.yaml
  completed:
    sha256: 63539429076b7ebbab6daa7656cfb079393bf644971156dc349d7c0453694ac2
    url: https://raw.githubusercontent.com/commercialhaskell/stackage-snapshots/master/lts/18/18.yaml
    size: 586296
packages:
- original:
    hackage: finite-field-0.10.0
  completed:
    pantry-tree:
      sha256: fa3b82854d4112e43eb27e3666bd2e9802d5adf9af20a3a4236b98de12e3c029
      size: 633
    hackage: finite-field-0.10.0@sha256:f676a7abf829f27fee189036219c0326dce68a435bcdddc26319afff4008d8f4,2164
- original:
    hackage: Paillier-0.1.0.3
  completed:
    pantry-tree:
      sha256: c252b1b2deb1762193fc4f5a86e6a1bc9122178e71f8608d9d1da91f09c82fbb
      size: 271
    hackage: Paillier-0.1.0.3@sha256:7f5d2b079711f5aca4a0fec1b2e48d56fc7fae5b89340b0ba2f05b6027a44a1c,1209
